# THIS IS AN AUTOGENERATED FILE. DO NOT EDIT THIS FILE DIRECTLY.
# yarn lockfile v1


"@now/node@^1.0.2":
  version "1.0.2"
  resolved "https://registry.yarnpkg.com/@now/node/-/node-1.0.2.tgz#484e595d992d52728f5b6e82c0310b5a7ceba851"
  integrity sha512-jGcpqOyQuxbYz0yBAV+Y5VTmuCF+geai1zOQPPKBNzsh+9j5Yoo8f0ImaGYkJeTQv19exKf3hHa5OcA4q4+5qg==
  dependencies:
    "@types/node" "*"

"@octokit/webhooks@^6.3.2":
  version "6.3.2"
  resolved "https://registry.yarnpkg.com/@octokit/webhooks/-/webhooks-6.3.2.tgz#72e940a0a1d19bd5afc2002d2a656dc1233c69df"
  integrity sha512-qirhkNoOWwQF0IHZ+9nobfcM/LMRhsJ2FUrexzzJZIDTXLAGZLVpUnXUZ86hSlYfCluyTccIFOz+SFFzodft0g==
  dependencies:
    debug "^4.0.0"

"@types/follow-redirects@^1.8.0":
  version "1.8.0"
  resolved "https://registry.yarnpkg.com/@types/follow-redirects/-/follow-redirects-1.8.0.tgz#a6f47222546aee59d9a09aaea1146bc1a6726ec7"
  integrity sha512-xFTn5zG9x9clBXhiTlmVrHDkBPEiYGmAoKr9dQdy8lZUoXcr01xVhXQW/MmUiYZZu2c1SpOleM90B7mN+CuXhA==
  dependencies:
    "@types/node" "*"

"@types/node@*":
  version "12.11.5"
  resolved "https://registry.yarnpkg.com/@types/node/-/node-12.11.5.tgz#6c3c8dc84988aff11fd2a63d7b5fbf39eaaab7b1"
  integrity sha512-LC8ALj/24PhByn39nr5jnTvpE7MujK8y7LQmV74kHYF5iQ0odCPkMH4IZNZw+cobKfSXqaC8GgegcbIsQpffdA==

"@types/node@^12.11.7":
  version "12.11.7"
  resolved "https://registry.yarnpkg.com/@types/node/-/node-12.11.7.tgz#57682a9771a3f7b09c2497f28129a0462966524a"
  integrity sha512-JNbGaHFCLwgHn/iCckiGSOZ1XYHsKFwREtzPwSGCVld1SGhOlmZw2D4ZI94HQCrBHbADzW9m4LER/8olJTRGHA==

debug@^3.0.0:
  version "3.2.6"
  resolved "https://registry.yarnpkg.com/debug/-/debug-3.2.6.tgz#e83d17de16d8a7efb7717edbe5fb10135eee629b"
  integrity sha512-mel+jf7nrtEl5Pn1Qx46zARXKDpBbvzezse7p7LqINmdoIk8PYP5SySaxEmYv6TZ0JyEKA1hsCId6DIhgITtWQ==
  dependencies:
    ms "^2.1.1"

debug@^4.0.0:
  version "4.1.1"
  resolved "https://registry.yarnpkg.com/debug/-/debug-4.1.1.tgz#3b72260255109c6b589cee050f1d516139664791"
  integrity sha512-pYAIzeRo8J6KPEaJ0VWOh5Pzkbw/RetuzehGM7QRRX5he4fPHx2rdKMB256ehJCkX+XRQm16eZLqLNS8RSZXZw==
  dependencies:
    ms "^2.1.1"

follow-redirects@^1.9.0:
  version "1.9.0"
  resolved "https://registry.yarnpkg.com/follow-redirects/-/follow-redirects-1.9.0.tgz#8d5bcdc65b7108fe1508649c79c12d732dcedb4f"
  integrity sha512-CRcPzsSIbXyVDl0QI01muNDu69S8trU4jArW9LpOt2WtC6LyUJetcIrmfHsRBx7/Jb6GHJUiuqyYxPooFfNt6A==
  dependencies:
    debug "^3.0.0"

ms@^2.1.1:
  version "2.1.2"
  resolved "https://registry.yarnpkg.com/ms/-/ms-2.1.2.tgz#d09d1f357b443f493382a8eb3ccd183872ae6009"
  integrity sha512-sGkPx+VjMtmA6MX27oA4FBFELFCZZ4S4XqeGOXCv68tT+jb3vk/RyaKWP0PTKyWtmLSM0b+adUTEvbs1PEaH2w==

typescript@^3.7.1-rc:
  version "3.7.1-rc"
  resolved "https://registry.yarnpkg.com/typescript/-/typescript-3.7.1-rc.tgz#2054b872d67f8dc732e36c1df397f9327f37ada0"
  integrity sha512-2rMtWppLsaPvmpXsoIAXWDBQVnJMw1ITGGSnidMuayLj9iCmMRT69ncKZw/Mk5rXfJkilApKucWQZxproALoRw==
